// !$*UTF8*$!
{
	archiveVersion = 1;
	classes = {
	};
	objectVersion = 56;
	objects = {

/* Begin PBXBuildFile section */
		2B0E138A28F2507000F6AFDF /* AppDelegate.swift in Sources */ = {isa = PBXBuildFile; fileRef = 2B0E138928F2507000F6AFDF /* AppDelegate.swift */; };
		2B0E138C28F2507000F6AFDF /* SceneDelegate.swift in Sources */ = {isa = PBXBuildFile; fileRef = 2B0E138B28F2507000F6AFDF /* SceneDelegate.swift */; };
		2B0E138E28F2507000F6AFDF /* ViewController.swift in Sources */ = {isa = PBXBuildFile; fileRef = 2B0E138D28F2507000F6AFDF /* ViewController.swift */; };
		2B0E139128F2507000F6AFDF /* Main.storyboard in Resources */ = {isa = PBXBuildFile; fileRef = 2B0E138F28F2507000F6AFDF /* Main.storyboard */; };
		2B0E139328F2507100F6AFDF /* Assets.xcassets in Resources */ = {isa = PBXBuildFile; fileRef = 2B0E139228F2507100F6AFDF /* Assets.xcassets */; };
		2B0E139628F2507100F6AFDF /* LaunchScreen.storyboard in Resources */ = {isa = PBXBuildFile; fileRef = 2B0E139428F2507100F6AFDF /* LaunchScreen.storyboard */; };
		2B0E13A128F2507100F6AFDF /* HomeViewModelsTests.swift in Sources */ = {isa = PBXBuildFile; fileRef = 2B0E13A028F2507100F6AFDF /* HomeViewModelsTests.swift */; };
		2B0E13AB28F2507100F6AFDF /* LightStreamAssignmentVirenUITests.swift in Sources */ = {isa = PBXBuildFile; fileRef = 2B0E13AA28F2507100F6AFDF /* LightStreamAssignmentVirenUITests.swift */; };
		2B0E13AD28F2507100F6AFDF /* LightStreamAssignmentVirenUITestsLaunchTests.swift in Sources */ = {isa = PBXBuildFile; fileRef = 2B0E13AC28F2507100F6AFDF /* LightStreamAssignmentVirenUITestsLaunchTests.swift */; };
		2B0E13BC28F252B100F6AFDF /* LSRequest.swift in Sources */ = {isa = PBXBuildFile; fileRef = 2B0E13BB28F252B100F6AFDF /* LSRequest.swift */; };
		2B0E13BE28F2661D00F6AFDF /* API.swift in Sources */ = {isa = PBXBuildFile; fileRef = 2B0E13BD28F2661D00F6AFDF /* API.swift */; };
		2B0E13C128F26B6500F6AFDF /* Extension+UIView.swift in Sources */ = {isa = PBXBuildFile; fileRef = 2B0E13C028F26B6500F6AFDF /* Extension+UIView.swift */; };
		2B0E13C628F2704E00F6AFDF /* HomeCollectionViewCell.swift in Sources */ = {isa = PBXBuildFile; fileRef = 2B0E13C528F2704E00F6AFDF /* HomeCollectionViewCell.swift */; };
		2B0E13C928F27A7800F6AFDF /* HomeViewOption.swift in Sources */ = {isa = PBXBuildFile; fileRef = 2B0E13C828F27A7800F6AFDF /* HomeViewOption.swift */; };
		2B0E13CB28F28B9200F6AFDF /* CharacterTableViewController.swift in Sources */ = {isa = PBXBuildFile; fileRef = 2B0E13CA28F28B9200F6AFDF /* CharacterTableViewController.swift */; };
		2B0E13CE28F28C0B00F6AFDF /* CharacterTableViewModel.swift in Sources */ = {isa = PBXBuildFile; fileRef = 2B0E13CD28F28C0B00F6AFDF /* CharacterTableViewModel.swift */; };
		2B0E13D028F2903400F6AFDF /* CharactersInfo.swift in Sources */ = {isa = PBXBuildFile; fileRef = 2B0E13CF28F2903400F6AFDF /* CharactersInfo.swift */; };
		2B0E13D228F297A900F6AFDF /* CharacterInfoTableViewCell.swift in Sources */ = {isa = PBXBuildFile; fileRef = 2B0E13D128F297A900F6AFDF /* CharacterInfoTableViewCell.swift */; };
		2B0E13D628F3552400F6AFDF /* CharacterDetailViewController.swift in Sources */ = {isa = PBXBuildFile; fileRef = 2B0E13D528F3552400F6AFDF /* CharacterDetailViewController.swift */; };
		2B0E13D828F3576200F6AFDF /* CharacterDetailViewModel.swift in Sources */ = {isa = PBXBuildFile; fileRef = 2B0E13D728F3576200F6AFDF /* CharacterDetailViewModel.swift */; };
		2B0E13DA28F35F9100F6AFDF /* Extension+UIImageView.swift in Sources */ = {isa = PBXBuildFile; fileRef = 2B0E13D928F35F9100F6AFDF /* Extension+UIImageView.swift */; };
		2B0E13DC28F3612E00F6AFDF /* LocationTableViewController.swift in Sources */ = {isa = PBXBuildFile; fileRef = 2B0E13DB28F3612E00F6AFDF /* LocationTableViewController.swift */; };
		2B0E13DE28F3619100F6AFDF /* LocationsInfo.swift in Sources */ = {isa = PBXBuildFile; fileRef = 2B0E13DD28F3619100F6AFDF /* LocationsInfo.swift */; };
		2B0E13E028F3624000F6AFDF /* LocationTableViewModel.swift in Sources */ = {isa = PBXBuildFile; fileRef = 2B0E13DF28F3624000F6AFDF /* LocationTableViewModel.swift */; };
		2B0E13E228F363CF00F6AFDF /* LocationInfoTableViewCell.swift in Sources */ = {isa = PBXBuildFile; fileRef = 2B0E13E128F363CF00F6AFDF /* LocationInfoTableViewCell.swift */; };
		2B0E13E428F3679900F6AFDF /* LocationDetailViewController.swift in Sources */ = {isa = PBXBuildFile; fileRef = 2B0E13E328F3679900F6AFDF /* LocationDetailViewController.swift */; };
		2B0E13E628F36C0400F6AFDF /* LocationDetailViewModel.swift in Sources */ = {isa = PBXBuildFile; fileRef = 2B0E13E528F36C0400F6AFDF /* LocationDetailViewModel.swift */; };
		2B0E13EC28F37C2F00F6AFDF /* Extension+UIViewController.swift in Sources */ = {isa = PBXBuildFile; fileRef = 2B0E13EB28F37C2F00F6AFDF /* Extension+UIViewController.swift */; };
		2B0E13F028F37F8500F6AFDF /* CharacterInfo.json in Resources */ = {isa = PBXBuildFile; fileRef = 2B0E13EE28F37F8500F6AFDF /* CharacterInfo.json */; };
		2B0E13F128F37F8500F6AFDF /* LocationsInfo.json in Resources */ = {isa = PBXBuildFile; fileRef = 2B0E13EF28F37F8500F6AFDF /* LocationsInfo.json */; };
		2B0E13F428F3803900F6AFDF /* Utility.swift in Sources */ = {isa = PBXBuildFile; fileRef = 2B0E13F328F3803900F6AFDF /* Utility.swift */; };
/* End PBXBuildFile section */

/* Begin PBXContainerItemProxy section */
		2B0E139D28F2507100F6AFDF /* PBXContainerItemProxy */ = {
			isa = PBXContainerItemProxy;
			containerPortal = 2B0E137E28F2507000F6AFDF /* Project object */;
			proxyType = 1;
			remoteGlobalIDString = 2B0E138528F2507000F6AFDF;
			remoteInfo = LightStreamAssignmentViren;
		};
		2B0E13A728F2507100F6AFDF /* PBXContainerItemProxy */ = {
			isa = PBXContainerItemProxy;
			containerPortal = 2B0E137E28F2507000F6AFDF /* Project object */;
			proxyType = 1;
			remoteGlobalIDString = 2B0E138528F2507000F6AFDF;
			remoteInfo = LightStreamAssignmentViren;
		};
/* End PBXContainerItemProxy section */

/* Begin PBXFileReference section */
		2B0E138628F2507000F6AFDF /* LightStreamAssignmentViren.app */ = {isa = PBXFileReference; explicitFileType = wrapper.application; includeInIndex = 0; path = LightStreamAssignmentViren.app; sourceTree = BUILT_PRODUCTS_DIR; };
		2B0E138928F2507000F6AFDF /* AppDelegate.swift */ = {isa = PBXFileReference; lastKnownFileType = sourcecode.swift; path = AppDelegate.swift; sourceTree = "<group>"; };
		2B0E138B28F2507000F6AFDF /* SceneDelegate.swift */ = {isa = PBXFileReference; lastKnownFileType = sourcecode.swift; path = SceneDelegate.swift; sourceTree = "<group>"; };
		2B0E138D28F2507000F6AFDF /* ViewController.swift */ = {isa = PBXFileReference; lastKnownFileType = sourcecode.swift; path = ViewController.swift; sourceTree = "<group>"; };
		2B0E139028F2507000F6AFDF /* Base */ = {isa = PBXFileReference; lastKnownFileType = file.storyboard; name = Base; path = Base.lproj/Main.storyboard; sourceTree = "<group>"; };
		2B0E139228F2507100F6AFDF /* Assets.xcassets */ = {isa = PBXFileReference; lastKnownFileType = folder.assetcatalog; path = Assets.xcassets; sourceTree = "<group>"; };
		2B0E139528F2507100F6AFDF /* Base */ = {isa = PBXFileReference; lastKnownFileType = file.storyboard; name = Base; path = Base.lproj/LaunchScreen.storyboard; sourceTree = "<group>"; };
		2B0E139728F2507100F6AFDF /* Info.plist */ = {isa = PBXFileReference; lastKnownFileType = text.plist.xml; path = Info.plist; sourceTree = "<group>"; };
		2B0E139C28F2507100F6AFDF /* LightStreamAssignmentVirenTests.xctest */ = {isa = PBXFileReference; explicitFileType = wrapper.cfbundle; includeInIndex = 0; path = LightStreamAssignmentVirenTests.xctest; sourceTree = BUILT_PRODUCTS_DIR; };
		2B0E13A028F2507100F6AFDF /* HomeViewModelsTests.swift */ = {isa = PBXFileReference; lastKnownFileType = sourcecode.swift; path = HomeViewModelsTests.swift; sourceTree = "<group>"; };
		2B0E13A628F2507100F6AFDF /* LightStreamAssignmentVirenUITests.xctest */ = {isa = PBXFileReference; explicitFileType = wrapper.cfbundle; includeInIndex = 0; path = LightStreamAssignmentVirenUITests.xctest; sourceTree = BUILT_PRODUCTS_DIR; };
		2B0E13AA28F2507100F6AFDF /* LightStreamAssignmentVirenUITests.swift */ = {isa = PBXFileReference; lastKnownFileType = sourcecode.swift; path = LightStreamAssignmentVirenUITests.swift; sourceTree = "<group>"; };
		2B0E13AC28F2507100F6AFDF /* LightStreamAssignmentVirenUITestsLaunchTests.swift */ = {isa = PBXFileReference; lastKnownFileType = sourcecode.swift; path = LightStreamAssignmentVirenUITestsLaunchTests.swift; sourceTree = "<group>"; };
		2B0E13BB28F252B100F6AFDF /* LSRequest.swift */ = {isa = PBXFileReference; lastKnownFileType = sourcecode.swift; path = LSRequest.swift; sourceTree = "<group>"; };
		2B0E13BD28F2661D00F6AFDF /* API.swift */ = {isa = PBXFileReference; lastKnownFileType = sourcecode.swift; path = API.swift; sourceTree = "<group>"; };
		2B0E13C028F26B6500F6AFDF /* Extension+UIView.swift */ = {isa = PBXFileReference; lastKnownFileType = sourcecode.swift; path = "Extension+UIView.swift"; sourceTree = "<group>"; };
		2B0E13C528F2704E00F6AFDF /* HomeCollectionViewCell.swift */ = {isa = PBXFileReference; lastKnownFileType = sourcecode.swift; path = HomeCollectionViewCell.swift; sourceTree = "<group>"; };
		2B0E13C828F27A7800F6AFDF /* HomeViewOption.swift */ = {isa = PBXFileReference; lastKnownFileType = sourcecode.swift; path = HomeViewOption.swift; sourceTree = "<group>"; };
		2B0E13CA28F28B9200F6AFDF /* CharacterTableViewController.swift */ = {isa = PBXFileReference; lastKnownFileType = sourcecode.swift; path = CharacterTableViewController.swift; sourceTree = "<group>"; };
		2B0E13CD28F28C0B00F6AFDF /* CharacterTableViewModel.swift */ = {isa = PBXFileReference; lastKnownFileType = sourcecode.swift; path = CharacterTableViewModel.swift; sourceTree = "<group>"; };
		2B0E13CF28F2903400F6AFDF /* CharactersInfo.swift */ = {isa = PBXFileReference; lastKnownFileType = sourcecode.swift; path = CharactersInfo.swift; sourceTree = "<group>"; };
		2B0E13D128F297A900F6AFDF /* CharacterInfoTableViewCell.swift */ = {isa = PBXFileReference; lastKnownFileType = sourcecode.swift; path = CharacterInfoTableViewCell.swift; sourceTree = "<group>"; };
		2B0E13D528F3552400F6AFDF /* CharacterDetailViewController.swift */ = {isa = PBXFileReference; lastKnownFileType = sourcecode.swift; path = CharacterDetailViewController.swift; sourceTree = "<group>"; };
		2B0E13D728F3576200F6AFDF /* CharacterDetailViewModel.swift */ = {isa = PBXFileReference; lastKnownFileType = sourcecode.swift; path = CharacterDetailViewModel.swift; sourceTree = "<group>"; };
		2B0E13D928F35F9100F6AFDF /* Extension+UIImageView.swift */ = {isa = PBXFileReference; lastKnownFileType = sourcecode.swift; path = "Extension+UIImageView.swift"; sourceTree = "<group>"; };
		2B0E13DB28F3612E00F6AFDF /* LocationTableViewController.swift */ = {isa = PBXFileReference; lastKnownFileType = sourcecode.swift; path = LocationTableViewController.swift; sourceTree = "<group>"; };
		2B0E13DD28F3619100F6AFDF /* LocationsInfo.swift */ = {isa = PBXFileReference; lastKnownFileType = sourcecode.swift; path = LocationsInfo.swift; sourceTree = "<group>"; };
		2B0E13DF28F3624000F6AFDF /* LocationTableViewModel.swift */ = {isa = PBXFileReference; lastKnownFileType = sourcecode.swift; path = LocationTableViewModel.swift; sourceTree = "<group>"; };
		2B0E13E128F363CF00F6AFDF /* LocationInfoTableViewCell.swift */ = {isa = PBXFileReference; lastKnownFileType = sourcecode.swift; path = LocationInfoTableViewCell.swift; sourceTree = "<group>"; };
		2B0E13E328F3679900F6AFDF /* LocationDetailViewController.swift */ = {isa = PBXFileReference; lastKnownFileType = sourcecode.swift; path = LocationDetailViewController.swift; sourceTree = "<group>"; };
		2B0E13E528F36C0400F6AFDF /* LocationDetailViewModel.swift */ = {isa = PBXFileReference; lastKnownFileType = sourcecode.swift; path = LocationDetailViewModel.swift; sourceTree = "<group>"; };
		2B0E13EB28F37C2F00F6AFDF /* Extension+UIViewController.swift */ = {isa = PBXFileReference; lastKnownFileType = sourcecode.swift; path = "Extension+UIViewController.swift"; sourceTree = "<group>"; };
		2B0E13EE28F37F8500F6AFDF /* CharacterInfo.json */ = {isa = PBXFileReference; fileEncoding = 4; lastKnownFileType = text.json; path = CharacterInfo.json; sourceTree = "<group>"; };
		2B0E13EF28F37F8500F6AFDF /* LocationsInfo.json */ = {isa = PBXFileReference; fileEncoding = 4; lastKnownFileType = text.json; path = LocationsInfo.json; sourceTree = "<group>"; };
		2B0E13F328F3803900F6AFDF /* Utility.swift */ = {isa = PBXFileReference; lastKnownFileType = sourcecode.swift; path = Utility.swift; sourceTree = "<group>"; };
/* End PBXFileReference section */

/* Begin PBXFrameworksBuildPhase section */
		2B0E138328F2507000F6AFDF /* Frameworks */ = {
			isa = PBXFrameworksBuildPhase;
			buildActionMask = 2147483647;
			files = (
			);
			runOnlyForDeploymentPostprocessing = 0;
		};
		2B0E139928F2507100F6AFDF /* Frameworks */ = {
			isa = PBXFrameworksBuildPhase;
			buildActionMask = 2147483647;
			files = (
			);
			runOnlyForDeploymentPostprocessing = 0;
		};
		2B0E13A328F2507100F6AFDF /* Frameworks */ = {
			isa = PBXFrameworksBuildPhase;
			buildActionMask = 2147483647;
			files = (
			);
			runOnlyForDeploymentPostprocessing = 0;
		};
/* End PBXFrameworksBuildPhase section */

/* Begin PBXGroup section */
		2B0E137D28F2507000F6AFDF = {
			isa = PBXGroup;
			children = (
				2B0E138828F2507000F6AFDF /* LightStreamAssignmentViren */,
				2B0E139F28F2507100F6AFDF /* LightStreamAssignmentVirenTests */,
				2B0E13A928F2507100F6AFDF /* LightStreamAssignmentVirenUITests */,
				2B0E138728F2507000F6AFDF /* Products */,
			);
			sourceTree = "<group>";
		};
		2B0E138728F2507000F6AFDF /* Products */ = {
			isa = PBXGroup;
			children = (
				2B0E138628F2507000F6AFDF /* LightStreamAssignmentViren.app */,
				2B0E139C28F2507100F6AFDF /* LightStreamAssignmentVirenTests.xctest */,
				2B0E13A628F2507100F6AFDF /* LightStreamAssignmentVirenUITests.xctest */,
			);
			name = Products;
			sourceTree = "<group>";
		};
		2B0E138828F2507000F6AFDF /* LightStreamAssignmentViren */ = {
			isa = PBXGroup;
			children = (
				2B0E13C228F26DB600F6AFDF /* Home */,
				2B0E13B928F2528100F6AFDF /* SupportingClasses */,
				2B0E138928F2507000F6AFDF /* AppDelegate.swift */,
				2B0E138B28F2507000F6AFDF /* SceneDelegate.swift */,
				2B0E138F28F2507000F6AFDF /* Main.storyboard */,
				2B0E139228F2507100F6AFDF /* Assets.xcassets */,
				2B0E139428F2507100F6AFDF /* LaunchScreen.storyboard */,
				2B0E139728F2507100F6AFDF /* Info.plist */,
			);
			path = LightStreamAssignmentViren;
			sourceTree = "<group>";
		};
		2B0E139F28F2507100F6AFDF /* LightStreamAssignmentVirenTests */ = {
			isa = PBXGroup;
			children = (
				2B0E13F228F3801900F6AFDF /* HelperClass */,
				2B0E13ED28F37ED600F6AFDF /* Stubs */,
				2B0E13A028F2507100F6AFDF /* HomeViewModelsTests.swift */,
			);
			path = LightStreamAssignmentVirenTests;
			sourceTree = "<group>";
		};
		2B0E13A928F2507100F6AFDF /* LightStreamAssignmentVirenUITests */ = {
			isa = PBXGroup;
			children = (
				2B0E13AA28F2507100F6AFDF /* LightStreamAssignmentVirenUITests.swift */,
				2B0E13AC28F2507100F6AFDF /* LightStreamAssignmentVirenUITestsLaunchTests.swift */,
			);
			path = LightStreamAssignmentVirenUITests;
			sourceTree = "<group>";
		};
		2B0E13B928F2528100F6AFDF /* SupportingClasses */ = {
			isa = PBXGroup;
			children = (
				2B0E13BF28F26B4C00F6AFDF /* Extensions */,
				2B0E13BA28F2529500F6AFDF /* Network */,
				2B0E13BD28F2661D00F6AFDF /* API.swift */,
			);
			path = SupportingClasses;
			sourceTree = "<group>";
		};
		2B0E13BA28F2529500F6AFDF /* Network */ = {
			isa = PBXGroup;
			children = (
				2B0E13BB28F252B100F6AFDF /* LSRequest.swift */,
			);
			path = Network;
			sourceTree = "<group>";
		};
		2B0E13BF28F26B4C00F6AFDF /* Extensions */ = {
			isa = PBXGroup;
			children = (
				2B0E13C028F26B6500F6AFDF /* Extension+UIView.swift */,
				2B0E13D928F35F9100F6AFDF /* Extension+UIImageView.swift */,
				2B0E13EB28F37C2F00F6AFDF /* Extension+UIViewController.swift */,
			);
			path = Extensions;
			sourceTree = "<group>";
		};
		2B0E13C228F26DB600F6AFDF /* Home */ = {
			isa = PBXGroup;
			children = (
				2B0E13CC28F28BCD00F6AFDF /* ViewModel */,
				2B0E13C728F2705300F6AFDF /* Cells */,
				2B0E13C428F26DD300F6AFDF /* Model */,
				2B0E13C328F26DC800F6AFDF /* ViewControllers */,
			);
			path = Home;
			sourceTree = "<group>";
		};
		2B0E13C328F26DC800F6AFDF /* ViewControllers */ = {
			isa = PBXGroup;
			children = (
				2B0E13E828F37BC300F6AFDF /* Location */,
				2B0E13E728F37BB500F6AFDF /* Character */,
				2B0E138D28F2507000F6AFDF /* ViewController.swift */,
			);
			path = ViewControllers;
			sourceTree = "<group>";
		};
		2B0E13C428F26DD300F6AFDF /* Model */ = {
			isa = PBXGroup;
			children = (
				2B0E13C828F27A7800F6AFDF /* HomeViewOption.swift */,
				2B0E13CF28F2903400F6AFDF /* CharactersInfo.swift */,
				2B0E13DD28F3619100F6AFDF /* LocationsInfo.swift */,
			);
			path = Model;
			sourceTree = "<group>";
		};
		2B0E13C728F2705300F6AFDF /* Cells */ = {
			isa = PBXGroup;
			children = (
				2B0E13C528F2704E00F6AFDF /* HomeCollectionViewCell.swift */,
				2B0E13D128F297A900F6AFDF /* CharacterInfoTableViewCell.swift */,
				2B0E13E128F363CF00F6AFDF /* LocationInfoTableViewCell.swift */,
			);
			path = Cells;
			sourceTree = "<group>";
		};
		2B0E13CC28F28BCD00F6AFDF /* ViewModel */ = {
			isa = PBXGroup;
			children = (
				2B0E13EA28F37BE800F6AFDF /* Location */,
				2B0E13E928F37BDC00F6AFDF /* Character */,
			);
			path = ViewModel;
			sourceTree = "<group>";
		};
		2B0E13E728F37BB500F6AFDF /* Character */ = {
			isa = PBXGroup;
			children = (
				2B0E13CA28F28B9200F6AFDF /* CharacterTableViewController.swift */,
				2B0E13D528F3552400F6AFDF /* CharacterDetailViewController.swift */,
			);
			path = Character;
			sourceTree = "<group>";
		};
		2B0E13E828F37BC300F6AFDF /* Location */ = {
			isa = PBXGroup;
			children = (
				2B0E13DB28F3612E00F6AFDF /* LocationTableViewController.swift */,
				2B0E13E328F3679900F6AFDF /* LocationDetailViewController.swift */,
			);
			path = Location;
			sourceTree = "<group>";
		};
		2B0E13E928F37BDC00F6AFDF /* Character */ = {
			isa = PBXGroup;
			children = (
				2B0E13CD28F28C0B00F6AFDF /* CharacterTableViewModel.swift */,
				2B0E13D728F3576200F6AFDF /* CharacterDetailViewModel.swift */,
			);
			path = Character;
			sourceTree = "<group>";
		};
		2B0E13EA28F37BE800F6AFDF /* Location */ = {
			isa = PBXGroup;
			children = (
				2B0E13DF28F3624000F6AFDF /* LocationTableViewModel.swift */,
				2B0E13E528F36C0400F6AFDF /* LocationDetailViewModel.swift */,
			);
			path = Location;
			sourceTree = "<group>";
		};
		2B0E13ED28F37ED600F6AFDF /* Stubs */ = {
			isa = PBXGroup;
			children = (
				2B0E13EE28F37F8500F6AFDF /* CharacterInfo.json */,
				2B0E13EF28F37F8500F6AFDF /* LocationsInfo.json */,
			);
			path = Stubs;
			sourceTree = "<group>";
		};
		2B0E13F228F3801900F6AFDF /* HelperClass */ = {
			isa = PBXGroup;
			children = (
				2B0E13F328F3803900F6AFDF /* Utility.swift */,
			);
			path = HelperClass;
			sourceTree = "<group>";
		};
/* End PBXGroup section */

/* Begin PBXNativeTarget section */
		2B0E138528F2507000F6AFDF /* LightStreamAssignmentViren */ = {
			isa = PBXNativeTarget;
			buildConfigurationList = 2B0E13B028F2507100F6AFDF /* Build configuration list for PBXNativeTarget "LightStreamAssignmentViren" */;
			buildPhases = (
				2B0E138228F2507000F6AFDF /* Sources */,
				2B0E138328F2507000F6AFDF /* Frameworks */,
				2B0E138428F2507000F6AFDF /* Resources */,
			);
			buildRules = (
			);
			dependencies = (
			);
			name = LightStreamAssignmentViren;
			productName = LightStreamAssignmentViren;
			productReference = 2B0E138628F2507000F6AFDF /* LightStreamAssignmentViren.app */;
			productType = "com.apple.product-type.application";
		};
		2B0E139B28F2507100F6AFDF /* LightStreamAssignmentVirenTests */ = {
			isa = PBXNativeTarget;
			buildConfigurationList = 2B0E13B328F2507100F6AFDF /* Build configuration list for PBXNativeTarget "LightStreamAssignmentVirenTests" */;
			buildPhases = (
				2B0E139828F2507100F6AFDF /* Sources */,
				2B0E139928F2507100F6AFDF /* Frameworks */,
				2B0E139A28F2507100F6AFDF /* Resources */,
			);
			buildRules = (
			);
			dependencies = (
				2B0E139E28F2507100F6AFDF /* PBXTargetDependency */,
			);
			name = LightStreamAssignmentVirenTests;
			productName = LightStreamAssignmentVirenTests;
			productReference = 2B0E139C28F2507100F6AFDF /* LightStreamAssignmentVirenTests.xctest */;
			productType = "com.apple.product-type.bundle.unit-test";
		};
		2B0E13A528F2507100F6AFDF /* LightStreamAssignmentVirenUITests */ = {
			isa = PBXNativeTarget;
			buildConfigurationList = 2B0E13B628F2507100F6AFDF /* Build configuration list for PBXNativeTarget "LightStreamAssignmentVirenUITests" */;
			buildPhases = (
				2B0E13A228F2507100F6AFDF /* Sources */,
				2B0E13A328F2507100F6AFDF /* Frameworks */,
				2B0E13A428F2507100F6AFDF /* Resources */,
			);
			buildRules = (
			);
			dependencies = (
				2B0E13A828F2507100F6AFDF /* PBXTargetDependency */,
			);
			name = LightStreamAssignmentVirenUITests;
			productName = LightStreamAssignmentVirenUITests;
			productReference = 2B0E13A628F2507100F6AFDF /* LightStreamAssignmentVirenUITests.xctest */;
			productType = "com.apple.product-type.bundle.ui-testing";
		};
/* End PBXNativeTarget section */

/* Begin PBXProject section */
		2B0E137E28F2507000F6AFDF /* Project object */ = {
			isa = PBXProject;
			attributes = {
				BuildIndependentTargetsInParallel = 1;
				LastSwiftUpdateCheck = 1400;
				LastUpgradeCheck = 1400;
				TargetAttributes = {
					2B0E138528F2507000F6AFDF = {
						CreatedOnToolsVersion = 14.0;
					};
					2B0E139B28F2507100F6AFDF = {
						CreatedOnToolsVersion = 14.0;
						TestTargetID = 2B0E138528F2507000F6AFDF;
					};
					2B0E13A528F2507100F6AFDF = {
						CreatedOnToolsVersion = 14.0;
						TestTargetID = 2B0E138528F2507000F6AFDF;
					};
				};
			};
			buildConfigurationList = 2B0E138128F2507000F6AFDF /* Build configuration list for PBXProject "LightStreamAssignmentViren" */;
			compatibilityVersion = "Xcode 14.0";
			developmentRegion = en;
			hasScannedForEncodings = 0;
			knownRegions = (
				en,
				Base,
			);
			mainGroup = 2B0E137D28F2507000F6AFDF;
			productRefGroup = 2B0E138728F2507000F6AFDF /* Products */;
			projectDirPath = "";
			projectRoot = "";
			targets = (
				2B0E138528F2507000F6AFDF /* LightStreamAssignmentViren */,
				2B0E139B28F2507100F6AFDF /* LightStreamAssignmentVirenTests */,
				2B0E13A528F2507100F6AFDF /* LightStreamAssignmentVirenUITests */,
			);
		};
/* End PBXProject section */

/* Begin PBXResourcesBuildPhase section */
		2B0E138428F2507000F6AFDF /* Resources */ = {
			isa = PBXResourcesBuildPhase;
			buildActionMask = 2147483647;
			files = (
				2B0E139628F2507100F6AFDF /* LaunchScreen.storyboard in Resources */,
				2B0E139328F2507100F6AFDF /* Assets.xcassets in Resources */,
				2B0E139128F2507000F6AFDF /* Main.storyboard in Resources */,
			);
			runOnlyForDeploymentPostprocessing = 0;
		};
		2B0E139A28F2507100F6AFDF /* Resources */ = {
			isa = PBXResourcesBuildPhase;
			buildActionMask = 2147483647;
			files = (
				2B0E13F128F37F8500F6AFDF /* LocationsInfo.json in Resources */,
				2B0E13F028F37F8500F6AFDF /* CharacterInfo.json in Resources */,
			);
			runOnlyForDeploymentPostprocessing = 0;
		};
		2B0E13A428F2507100F6AFDF /* Resources */ = {
			isa = PBXResourcesBuildPhase;
			buildActionMask = 2147483647;
			files = (
			);
			runOnlyForDeploymentPostprocessing = 0;
		};
/* End PBXResourcesBuildPhase section */

/* Begin PBXSourcesBuildPhase section */
		2B0E138228F2507000F6AFDF /* Sources */ = {
			isa = PBXSourcesBuildPhase;
			buildActionMask = 2147483647;
			files = (
				2B0E13C628F2704E00F6AFDF /* HomeCollectionViewCell.swift in Sources */,
				2B0E13DE28F3619100F6AFDF /* LocationsInfo.swift in Sources */,
				2B0E13E028F3624000F6AFDF /* LocationTableViewModel.swift in Sources */,
				2B0E13D028F2903400F6AFDF /* CharactersInfo.swift in Sources */,
				2B0E13E428F3679900F6AFDF /* LocationDetailViewController.swift in Sources */,
				2B0E13CB28F28B9200F6AFDF /* CharacterTableViewController.swift in Sources */,
				2B0E138E28F2507000F6AFDF /* ViewController.swift in Sources */,
				2B0E13E628F36C0400F6AFDF /* LocationDetailViewModel.swift in Sources */,
				2B0E13EC28F37C2F00F6AFDF /* Extension+UIViewController.swift in Sources */,
				2B0E13DC28F3612E00F6AFDF /* LocationTableViewController.swift in Sources */,
				2B0E13CE28F28C0B00F6AFDF /* CharacterTableViewModel.swift in Sources */,
				2B0E138A28F2507000F6AFDF /* AppDelegate.swift in Sources */,
				2B0E13D228F297A900F6AFDF /* CharacterInfoTableViewCell.swift in Sources */,
				2B0E13BC28F252B100F6AFDF /* LSRequest.swift in Sources */,
				2B0E13C928F27A7800F6AFDF /* HomeViewOption.swift in Sources */,
				2B0E13DA28F35F9100F6AFDF /* Extension+UIImageView.swift in Sources */,
				2B0E138C28F2507000F6AFDF /* SceneDelegate.swift in Sources */,
				2B0E13D628F3552400F6AFDF /* CharacterDetailViewController.swift in Sources */,
				2B0E13D828F3576200F6AFDF /* CharacterDetailViewModel.swift in Sources */,
				2B0E13C128F26B6500F6AFDF /* Extension+UIView.swift in Sources */,
				2B0E13BE28F2661D00F6AFDF /* API.swift in Sources */,
				2B0E13E228F363CF00F6AFDF /* LocationInfoTableViewCell.swift in Sources */,
			);
			runOnlyForDeploymentPostprocessing = 0;
		};
		2B0E139828F2507100F6AFDF /* Sources */ = {
			isa = PBXSourcesBuildPhase;
			buildActionMask = 2147483647;
			files = (
				2B0E13F428F3803900F6AFDF /* Utility.swift in Sources */,
				2B0E13A128F2507100F6AFDF /* HomeViewModelsTests.swift in Sources */,
			);
			runOnlyForDeploymentPostprocessing = 0;
		};
		2B0E13A228F2507100F6AFDF /* Sources */ = {
			isa = PBXSourcesBuildPhase;
			buildActionMask = 2147483647;
			files = (
				2B0E13AB28F2507100F6AFDF /* LightStreamAssignmentVirenUITests.swift in Sources */,
				2B0E13AD28F2507100F6AFDF /* LightStreamAssignmentVirenUITestsLaunchTests.swift in Sources */,
			);
			runOnlyForDeploymentPostprocessing = 0;
		};
/* End PBXSourcesBuildPhase section */

/* Begin PBXTargetDependency section */
		2B0E139E28F2507100F6AFDF /* PBXTargetDependency */ = {
			isa = PBXTargetDependency;
			target = 2B0E138528F2507000F6AFDF /* LightStreamAssignmentViren */;
			targetProxy = 2B0E139D28F2507100F6AFDF /* PBXContainerItemProxy */;
		};
		2B0E13A828F2507100F6AFDF /* PBXTargetDependency */ = {
			isa = PBXTargetDependency;
			target = 2B0E138528F2507000F6AFDF /* LightStreamAssignmentViren */;
			targetProxy = 2B0E13A728F2507100F6AFDF /* PBXContainerItemProxy */;
		};
/* End PBXTargetDependency section */

/* Begin PBXVariantGroup section */
		2B0E138F28F2507000F6AFDF /* Main.storyboard */ = {
			isa = PBXVariantGroup;
			children = (
				2B0E139028F2507000F6AFDF /* Base */,
			);
			name = Main.storyboard;
			sourceTree = "<group>";
		};
		2B0E139428F2507100F6AFDF /* LaunchScreen.storyboard */ = {
			isa = PBXVariantGroup;
			children = (
				2B0E139528F2507100F6AFDF /* Base */,
			);
			name = LaunchScreen.storyboard;
			sourceTree = "<group>";
		};
/* End PBXVariantGroup section */

/* Begin XCBuildConfiguration section */
		2B0E13AE28F2507100F6AFDF /* Debug */ = {
			isa = XCBuildConfiguration;
			buildSettings = {
				ALWAYS_SEARCH_USER_PATHS = NO;
				CLANG_ANALYZER_NONNULL = YES;
				CLANG_ANALYZER_NUMBER_OBJECT_CONVERSION = YES_AGGRESSIVE;
				CLANG_CXX_LANGUAGE_STANDARD = "gnu++20";
				CLANG_ENABLE_MODULES = YES;
				CLANG_ENABLE_OBJC_ARC = YES;
				CLANG_ENABLE_OBJC_WEAK = YES;
				CLANG_WARN_BLOCK_CAPTURE_AUTORELEASING = YES;
				CLANG_WARN_BOOL_CONVERSION = YES;
				CLANG_WARN_COMMA = YES;
				CLANG_WARN_CONSTANT_CONVERSION = YES;
				CLANG_WARN_DEPRECATED_OBJC_IMPLEMENTATIONS = YES;
				CLANG_WARN_DIRECT_OBJC_ISA_USAGE = YES_ERROR;
				CLANG_WARN_DOCUMENTATION_COMMENTS = YES;
				CLANG_WARN_EMPTY_BODY = YES;
				CLANG_WARN_ENUM_CONVERSION = YES;
				CLANG_WARN_INFINITE_RECURSION = YES;
				CLANG_WARN_INT_CONVERSION = YES;
				CLANG_WARN_NON_LITERAL_NULL_CONVERSION = YES;
				CLANG_WARN_OBJC_IMPLICIT_RETAIN_SELF = YES;
				CLANG_WARN_OBJC_LITERAL_CONVERSION = YES;
				CLANG_WARN_OBJC_ROOT_CLASS = YES_ERROR;
				CLANG_WARN_QUOTED_INCLUDE_IN_FRAMEWORK_HEADER = YES;
				CLANG_WARN_RANGE_LOOP_ANALYSIS = YES;
				CLANG_WARN_STRICT_PROTOTYPES = YES;
				CLANG_WARN_SUSPICIOUS_MOVE = YES;
				CLANG_WARN_UNGUARDED_AVAILABILITY = YES_AGGRESSIVE;
				CLANG_WARN_UNREACHABLE_CODE = YES;
				CLANG_WARN__DUPLICATE_METHOD_MATCH = YES;
				COPY_PHASE_STRIP = NO;
				DEBUG_INFORMATION_FORMAT = dwarf;
				ENABLE_STRICT_OBJC_MSGSEND = YES;
				ENABLE_TESTABILITY = YES;
				GCC_C_LANGUAGE_STANDARD = gnu11;
				GCC_DYNAMIC_NO_PIC = NO;
				GCC_NO_COMMON_BLOCKS = YES;
				GCC_OPTIMIZATION_LEVEL = 0;
				GCC_PREPROCESSOR_DEFINITIONS = (
					"DEBUG=1",
					"$(inherited)",
				);
				GCC_WARN_64_TO_32_BIT_CONVERSION = YES;
				GCC_WARN_ABOUT_RETURN_TYPE = YES_ERROR;
				GCC_WARN_UNDECLARED_SELECTOR = YES;
				GCC_WARN_UNINITIALIZED_AUTOS = YES_AGGRESSIVE;
				GCC_WARN_UNUSED_FUNCTION = YES;
				GCC_WARN_UNUSED_VARIABLE = YES;
				IPHONEOS_DEPLOYMENT_TARGET = 16.0;
				MTL_ENABLE_DEBUG_INFO = INCLUDE_SOURCE;
				MTL_FAST_MATH = YES;
				ONLY_ACTIVE_ARCH = YES;
				SDKROOT = iphoneos;
				SWIFT_ACTIVE_COMPILATION_CONDITIONS = DEBUG;
				SWIFT_OPTIMIZATION_LEVEL = "-Onone";
			};
			name = Debug;
		};
		2B0E13AF28F2507100F6AFDF /* Release */ = {
			isa = XCBuildConfiguration;
			buildSettings = {
				ALWAYS_SEARCH_USER_PATHS = NO;
				CLANG_ANALYZER_NONNULL = YES;
				CLANG_ANALYZER_NUMBER_OBJECT_CONVERSION = YES_AGGRESSIVE;
				CLANG_CXX_LANGUAGE_STANDARD = "gnu++20";
				CLANG_ENABLE_MODULES = YES;
				CLANG_ENABLE_OBJC_ARC = YES;
				CLANG_ENABLE_OBJC_WEAK = YES;
				CLANG_WARN_BLOCK_CAPTURE_AUTORELEASING = YES;
				CLANG_WARN_BOOL_CONVERSION = YES;
				CLANG_WARN_COMMA = YES;
				CLANG_WARN_CONSTANT_CONVERSION = YES;
				CLANG_WARN_DEPRECATED_OBJC_IMPLEMENTATIONS = YES;
				CLANG_WARN_DIRECT_OBJC_ISA_USAGE = YES_ERROR;
				CLANG_WARN_DOCUMENTATION_COMMENTS = YES;
				CLANG_WARN_EMPTY_BODY = YES;
				CLANG_WARN_ENUM_CONVERSION = YES;
				CLANG_WARN_INFINITE_RECURSION = YES;
				CLANG_WARN_INT_CONVERSION = YES;
				CLANG_WARN_NON_LITERAL_NULL_CONVERSION = YES;
				CLANG_WARN_OBJC_IMPLICIT_RETAIN_SELF = YES;
				CLANG_WARN_OBJC_LITERAL_CONVERSION = YES;
				CLANG_WARN_OBJC_ROOT_CLASS = YES_ERROR;
				CLANG_WARN_QUOTED_INCLUDE_IN_FRAMEWORK_HEADER = YES;
				CLANG_WARN_RANGE_LOOP_ANALYSIS = YES;
				CLANG_WARN_STRICT_PROTOTYPES = YES;
				CLANG_WARN_SUSPICIOUS_MOVE = YES;
				CLANG_WARN_UNGUARDED_AVAILABILITY = YES_AGGRESSIVE;
				CLANG_WARN_UNREACHABLE_CODE = YES;
				CLANG_WARN__DUPLICATE_METHOD_MATCH = YES;
				COPY_PHASE_STRIP = NO;
				DEBUG_INFORMATION_FORMAT = "dwarf-with-dsym";
				ENABLE_NS_ASSERTIONS = NO;
				ENABLE_STRICT_OBJC_MSGSEND = YES;
				GCC_C_LANGUAGE_STANDARD = gnu11;
				GCC_NO_COMMON_BLOCKS = YES;
				GCC_WARN_64_TO_32_BIT_CONVERSION = YES;
				GCC_WARN_ABOUT_RETURN_TYPE = YES_ERROR;
				GCC_WARN_UNDECLARED_SELECTOR = YES;
				GCC_WARN_UNINITIALIZED_AUTOS = YES_AGGRESSIVE;
				GCC_WARN_UNUSED_FUNCTION = YES;
				GCC_WARN_UNUSED_VARIABLE = YES;
				IPHONEOS_DEPLOYMENT_TARGET = 16.0;
				MTL_ENABLE_DEBUG_INFO = NO;
				MTL_FAST_MATH = YES;
				SDKROOT = iphoneos;
				SWIFT_COMPILATION_MODE = wholemodule;
				SWIFT_OPTIMIZATION_LEVEL = "-O";
				VALIDATE_PRODUCT = YES;
			};
			name = Release;
		};
		2B0E13B128F2507100F6AFDF /* Debug */ = {
			isa = XCBuildConfiguration;
			buildSettings = {
				ASSETCATALOG_COMPILER_APPICON_NAME = AppIcon;
				ASSETCATALOG_COMPILER_GLOBAL_ACCENT_COLOR_NAME = AccentColor;
				CODE_SIGN_STYLE = Automatic;
				CURRENT_PROJECT_VERSION = 1;
				GENERATE_INFOPLIST_FILE = YES;
				INFOPLIST_FILE = LightStreamAssignmentViren/Info.plist;
				INFOPLIST_KEY_UIApplicationSupportsIndirectInputEvents = YES;
				INFOPLIST_KEY_UILaunchStoryboardName = "";
				INFOPLIST_KEY_UIMainStoryboardFile = Main;
				INFOPLIST_KEY_UIStatusBarStyle = "";
				INFOPLIST_KEY_UISupportedInterfaceOrientations_iPad = "UIInterfaceOrientationPortrait UIInterfaceOrientationPortraitUpsideDown UIInterfaceOrientationLandscapeLeft UIInterfaceOrientationLandscapeRight";
				INFOPLIST_KEY_UISupportedInterfaceOrientations_iPhone = "UIInterfaceOrientationPortrait UIInterfaceOrientationLandscapeLeft UIInterfaceOrientationLandscapeRight";
				LD_RUNPATH_SEARCH_PATHS = (
					"$(inherited)",
					"@executable_path/Frameworks",
				);
				MARKETING_VERSION = 1.0;
				PRODUCT_BUNDLE_IDENTIFIER = LightStreamViren.LightStreamAssignmentViren;
				PRODUCT_NAME = "$(TARGET_NAME)";
				SWIFT_EMIT_LOC_STRINGS = YES;
				SWIFT_VERSION = 5.0;
				TARGETED_DEVICE_FAMILY = "1,2";
			};
			name = Debug;
		};
		2B0E13B228F2507100F6AFDF /* Release */ = {
			isa = XCBuildConfiguration;
			buildSettings = {
				ASSETCATALOG_COMPILER_APPICON_NAME = AppIcon;
				ASSETCATALOG_COMPILER_GLOBAL_ACCENT_COLOR_NAME = AccentColor;
				CODE_SIGN_STYLE = Automatic;
				CURRENT_PROJECT_VERSION = 1;
				GENERATE_INFOPLIST_FILE = YES;
				INFOPLIST_FILE = LightStreamAssignmentViren/Info.plist;
				INFOPLIST_KEY_UIApplicationSupportsIndirectInputEvents = YES;
				INFOPLIST_KEY_UILaunchStoryboardName = "";
				INFOPLIST_KEY_UIMainStoryboardFile = Main;
				INFOPLIST_KEY_UIStatusBarStyle = "";
				INFOPLIST_KEY_UISupportedInterfaceOrientations_iPad = "UIInterfaceOrientationPortrait UIInterfaceOrientationPortraitUpsideDown UIInterfaceOrientationLandscapeLeft UIInterfaceOrientationLandscapeRight";
				INFOPLIST_KEY_UISupportedInterfaceOrientations_iPhone = "UIInterfaceOrientationPortrait UIInterfaceOrientationLandscapeLeft UIInterfaceOrientationLandscapeRight";
				LD_RUNPATH_SEARCH_PATHS = (
					"$(inherited)",
					"@executable_path/Frameworks",
				);
				MARKETING_VERSION = 1.0;
				PRODUCT_BUNDLE_IDENTIFIER = LightStreamViren.LightStreamAssignmentViren;
				PRODUCT_NAME = "$(TARGET_NAME)";
				SWIFT_EMIT_LOC_STRINGS = YES;
				SWIFT_VERSION = 5.0;
				TARGETED_DEVICE_FAMILY = "1,2";
			};
			name = Release;
		};
		2B0E13B428F2507100F6AFDF /* Debug */ = {
			isa = XCBuildConfiguration;
			buildSettings = {
				ALWAYS_EMBED_SWIFT_STANDARD_LIBRARIES = YES;
				BUNDLE_LOADER = "$(TEST_HOST)";
				CODE_SIGN_STYLE = Automatic;
				CURRENT_PROJECT_VERSION = 1;
				GENERATE_INFOPLIST_FILE = YES;
				IPHONEOS_DEPLOYMENT_TARGET = 16.0;
				MARKETING_VERSION = 1.0;
				PRODUCT_BUNDLE_IDENTIFIER = LightStreamViren.LightStreamAssignmentVirenTests;
				PRODUCT_NAME = "$(TARGET_NAME)";
				SWIFT_EMIT_LOC_STRINGS = NO;
				SWIFT_VERSION = 5.0;
				TARGETED_DEVICE_FAMILY = "1,2";
				TEST_HOST = "$(BUILT_PRODUCTS_DIR)/LightStreamAssignmentViren.app/$(BUNDLE_EXECUTABLE_FOLDER_PATH)/LightStreamAssignmentViren";
			};
			name = Debug;
		};
		2B0E13B528F2507100F6AFDF /* Release */ = {
			isa = XCBuildConfiguration;
			buildSettings = {
				ALWAYS_EMBED_SWIFT_STANDARD_LIBRARIES = YES;
				BUNDLE_LOADER = "$(TEST_HOST)";
				CODE_SIGN_STYLE = Automatic;
				CURRENT_PROJECT_VERSION = 1;
				GENERATE_INFOPLIST_FILE = YES;
				IPHONEOS_DEPLOYMENT_TARGET = 16.0;
				MARKETING_VERSION = 1.0;
				PRODUCT_BUNDLE_IDENTIFIER = LightStreamViren.LightStreamAssignmentVirenTests;
				PRODUCT_NAME = "$(TARGET_NAME)";
				SWIFT_EMIT_LOC_STRINGS = NO;
				SWIFT_VERSION = 5.0;
				TARGETED_DEVICE_FAMILY = "1,2";
				TEST_HOST = "$(BUILT_PRODUCTS_DIR)/LightStreamAssignmentViren.app/$(BUNDLE_EXECUTABLE_FOLDER_PATH)/LightStreamAssignmentViren";
			};
			name = Release;
		};
		2B0E13B728F2507100F6AFDF /* Debug */ = {
			isa = XCBuildConfiguration;
			buildSettings = {
				ALWAYS_EMBED_SWIFT_STANDARD_LIBRARIES = YES;
				CODE_SIGN_STYLE = Automatic;
				CURRENT_PROJECT_VERSION = 1;
				GENERATE_INFOPLIST_FILE = YES;
				MARKETING_VERSION = 1.0;
				PRODUCT_BUNDLE_IDENTIFIER = LightStreamViren.LightStreamAssignmentVirenUITests;
				PRODUCT_NAME = "$(TARGET_NAME)";
				SWIFT_EMIT_LOC_STRINGS = NO;
				SWIFT_VERSION = 5.0;
				TARGETED_DEVICE_FAMILY = "1,2";
				TEST_TARGET_NAME = LightStreamAssignmentViren;
			};
			name = Debug;
		};
		2B0E13B828F2507100F6AFDF /* Release */ = {
			isa = XCBuildConfiguration;
			buildSettings = {
				ALWAYS_EMBED_SWIFT_STANDARD_LIBRARIES = YES;
				CODE_SIGN_STYLE = Automatic;
				CURRENT_PROJECT_VERSION = 1;
				GENERATE_INFOPLIST_FILE = YES;
				MARKETING_VERSION = 1.0;
				PRODUCT_BUNDLE_IDENTIFIER = LightStreamViren.LightStreamAssignmentVirenUITests;
				PRODUCT_NAME = "$(TARGET_NAME)";
				SWIFT_EMIT_LOC_STRINGS = NO;
				SWIFT_VERSION = 5.0;
				TARGETED_DEVICE_FAMILY = "1,2";
				TEST_TARGET_NAME = LightStreamAssignmentViren;
			};
			name = Release;
		};
/* End XCBuildConfiguration section */

/* Begin XCConfigurationList section */
		2B0E138128F2507000F6AFDF /* Build configuration list for PBXProject "LightStreamAssignmentViren" */ = {
			isa = XCConfigurationList;
			buildConfigurations = (
				2B0E13AE28F2507100F6AFDF /* Debug */,
				2B0E13AF28F2507100F6AFDF /* Release */,
			);
			defaultConfigurationIsVisible = 0;
			defaultConfigurationName = Release;
		};
		2B0E13B028F2507100F6AFDF /* Build configuration list for PBXNativeTarget "LightStreamAssignmentViren" */ = {
			isa = XCConfigurationList;
			buildConfigurations = (
				2B0E13B128F2507100F6AFDF /* Debug */,
				2B0E13B228F2507100F6AFDF /* Release */,
			);
			defaultConfigurationIsVisible = 0;
			defaultConfigurationName = Release;
		};
		2B0E13B328F2507100F6AFDF /* Build configuration list for PBXNativeTarget "LightStreamAssignmentVirenTests" */ = {
			isa = XCConfigurationList;
			buildConfigurations = (
				2B0E13B428F2507100F6AFDF /* Debug */,
				2B0E13B528F2507100F6AFDF /* Release */,
			);
			defaultConfigurationIsVisible = 0;
			defaultConfigurationName = Release;
		};
		2B0E13B628F2507100F6AFDF /* Build configuration list for PBXNativeTarget "LightStreamAssignmentVirenUITests" */ = {
			isa = XCConfigurationList;
			buildConfigurations = (
				2B0E13B728F2507100F6AFDF /* Debug */,
				2B0E13B828F2507100F6AFDF /* Release */,
			);
			defaultConfigurationIsVisible = 0;
			defaultConfigurationName = Release;
		};
/* End XCConfigurationList section */
	};
	rootObject = 2B0E137E28F2507000F6AFDF /* Project object */;
}
